// !$*UTF8*$!
{
	archiveVersion = 1;
	classes = {
	};
	objectVersion = 56;
	objects = {

/* Begin PBXBuildFile section */
		D52421B72A22669000C30404 /* TweetTableViewCell.swift in Sources */ = {isa = PBXBuildFile; fileRef = D52421B62A22669000C30404 /* TweetTableViewCell.swift */; };
		D555BAF72A1E50A600954239 /* AppDelegate.swift in Sources */ = {isa = PBXBuildFile; fileRef = D555BAF62A1E50A600954239 /* AppDelegate.swift */; };
		D555BAF92A1E50A600954239 /* SceneDelegate.swift in Sources */ = {isa = PBXBuildFile; fileRef = D555BAF82A1E50A600954239 /* SceneDelegate.swift */; };
		D555BAFB2A1E50A600954239 /* MainTabbarViewController.swift in Sources */ = {isa = PBXBuildFile; fileRef = D555BAFA2A1E50A600954239 /* MainTabbarViewController.swift */; };
		D555BB002A1E50A900954239 /* Assets.xcassets in Resources */ = {isa = PBXBuildFile; fileRef = D555BAFF2A1E50A900954239 /* Assets.xcassets */; };
		D555BB032A1E50A900954239 /* LaunchScreen.storyboard in Resources */ = {isa = PBXBuildFile; fileRef = D555BB012A1E50A900954239 /* LaunchScreen.storyboard */; };
		D555BB0D2A1E57FB00954239 /* HomeViewController.swift in Sources */ = {isa = PBXBuildFile; fileRef = D555BB0C2A1E57FB00954239 /* HomeViewController.swift */; };
		D555BB0F2A1E585A00954239 /* SearchViewController.swift in Sources */ = {isa = PBXBuildFile; fileRef = D555BB0E2A1E585A00954239 /* SearchViewController.swift */; };
		D555BB112A1E589300954239 /* NotificationsViewController.swift in Sources */ = {isa = PBXBuildFile; fileRef = D555BB102A1E589300954239 /* NotificationsViewController.swift */; };
		D555BB132A1E58D500954239 /* DirectMessagesViewController.swift in Sources */ = {isa = PBXBuildFile; fileRef = D555BB122A1E58D500954239 /* DirectMessagesViewController.swift */; };
		D57A9C102A2B9679000C41EF /* ProfileTableViewHeader.swift in Sources */ = {isa = PBXBuildFile; fileRef = D57A9C0F2A2B9679000C41EF /* ProfileTableViewHeader.swift */; };
		D593C41C2A35B30F00782F9E /* LoginViewController.swift in Sources */ = {isa = PBXBuildFile; fileRef = D593C41B2A35B30F00782F9E /* LoginViewController.swift */; };
		D5A38B3D2A2F46B700592A76 /* GoogleService-Info.plist in Resources */ = {isa = PBXBuildFile; fileRef = D5A38B3C2A2F46B700592A76 /* GoogleService-Info.plist */; };
		D5A38B402A2F492800592A76 /* FirebaseAuth in Frameworks */ = {isa = PBXBuildFile; productRef = D5A38B3F2A2F492800592A76 /* FirebaseAuth */; };
		D5A38B422A2F492800592A76 /* FirebaseAuthCombine-Community in Frameworks */ = {isa = PBXBuildFile; productRef = D5A38B412A2F492800592A76 /* FirebaseAuthCombine-Community */; };
		D5A38B442A2F492800592A76 /* FirebaseDatabase in Frameworks */ = {isa = PBXBuildFile; productRef = D5A38B432A2F492800592A76 /* FirebaseDatabase */; };
		D5A38B462A2F492800592A76 /* FirebaseDatabaseSwift in Frameworks */ = {isa = PBXBuildFile; productRef = D5A38B452A2F492800592A76 /* FirebaseDatabaseSwift */; };
		D5A38B482A2F492800592A76 /* FirebaseFirestore in Frameworks */ = {isa = PBXBuildFile; productRef = D5A38B472A2F492800592A76 /* FirebaseFirestore */; };
		D5A38B4A2A2F492800592A76 /* FirebaseFirestoreCombine-Community in Frameworks */ = {isa = PBXBuildFile; productRef = D5A38B492A2F492800592A76 /* FirebaseFirestoreCombine-Community */; };
		D5A38B4C2A2F492800592A76 /* FirebaseFirestoreSwift in Frameworks */ = {isa = PBXBuildFile; productRef = D5A38B4B2A2F492800592A76 /* FirebaseFirestoreSwift */; };
		D5A38B4E2A2F492800592A76 /* FirebaseStorage in Frameworks */ = {isa = PBXBuildFile; productRef = D5A38B4D2A2F492800592A76 /* FirebaseStorage */; };
		D5A38B502A2F492800592A76 /* FirebaseStorageCombine-Community in Frameworks */ = {isa = PBXBuildFile; productRef = D5A38B4F2A2F492800592A76 /* FirebaseStorageCombine-Community */; };
		D5A38B532A2F4CB200592A76 /* OnboardingViewController.swift in Sources */ = {isa = PBXBuildFile; fileRef = D5A38B522A2F4CB200592A76 /* OnboardingViewController.swift */; };
		D5A38B552A2F75D800592A76 /* RegisterViewController.swift in Sources */ = {isa = PBXBuildFile; fileRef = D5A38B542A2F75D800592A76 /* RegisterViewController.swift */; };
		D5C34E1E2A27B64C0066B884 /* ProfileViewController.swift in Sources */ = {isa = PBXBuildFile; fileRef = D5C34E1D2A27B64C0066B884 /* ProfileViewController.swift */; };
		D5E1B00D2A3226AA00FF6A19 /* AuthentificationViewViewModel.swift in Sources */ = {isa = PBXBuildFile; fileRef = D5E1B00C2A3226AA00FF6A19 /* AuthentificationViewViewModel.swift */; };
		D5E1B0102A32350300FF6A19 /* AuthManager.swift in Sources */ = {isa = PBXBuildFile; fileRef = D5E1B00F2A32350300FF6A19 /* AuthManager.swift */; };
/* End PBXBuildFile section */

/* Begin PBXFileReference section */
		D52421B62A22669000C30404 /* TweetTableViewCell.swift */ = {isa = PBXFileReference; lastKnownFileType = sourcecode.swift; path = TweetTableViewCell.swift; sourceTree = "<group>"; };
		D555BAF32A1E50A600954239 /* TwitterClone.app */ = {isa = PBXFileReference; explicitFileType = wrapper.application; includeInIndex = 0; path = TwitterClone.app; sourceTree = BUILT_PRODUCTS_DIR; };
		D555BAF62A1E50A600954239 /* AppDelegate.swift */ = {isa = PBXFileReference; lastKnownFileType = sourcecode.swift; path = AppDelegate.swift; sourceTree = "<group>"; };
		D555BAF82A1E50A600954239 /* SceneDelegate.swift */ = {isa = PBXFileReference; lastKnownFileType = sourcecode.swift; path = SceneDelegate.swift; sourceTree = "<group>"; };
		D555BAFA2A1E50A600954239 /* MainTabbarViewController.swift */ = {isa = PBXFileReference; lastKnownFileType = sourcecode.swift; path = MainTabbarViewController.swift; sourceTree = "<group>"; };
		D555BAFF2A1E50A900954239 /* Assets.xcassets */ = {isa = PBXFileReference; lastKnownFileType = folder.assetcatalog; path = Assets.xcassets; sourceTree = "<group>"; };
		D555BB022A1E50A900954239 /* Base */ = {isa = PBXFileReference; lastKnownFileType = file.storyboard; name = Base; path = Base.lproj/LaunchScreen.storyboard; sourceTree = "<group>"; };
		D555BB042A1E50A900954239 /* Info.plist */ = {isa = PBXFileReference; lastKnownFileType = text.plist.xml; path = Info.plist; sourceTree = "<group>"; };
		D555BB0C2A1E57FB00954239 /* HomeViewController.swift */ = {isa = PBXFileReference; lastKnownFileType = sourcecode.swift; path = HomeViewController.swift; sourceTree = "<group>"; };
		D555BB0E2A1E585A00954239 /* SearchViewController.swift */ = {isa = PBXFileReference; lastKnownFileType = sourcecode.swift; path = SearchViewController.swift; sourceTree = "<group>"; };
		D555BB102A1E589300954239 /* NotificationsViewController.swift */ = {isa = PBXFileReference; lastKnownFileType = sourcecode.swift; path = NotificationsViewController.swift; sourceTree = "<group>"; };
		D555BB122A1E58D500954239 /* DirectMessagesViewController.swift */ = {isa = PBXFileReference; lastKnownFileType = sourcecode.swift; path = DirectMessagesViewController.swift; sourceTree = "<group>"; };
		D57A9C0F2A2B9679000C41EF /* ProfileTableViewHeader.swift */ = {isa = PBXFileReference; lastKnownFileType = sourcecode.swift; path = ProfileTableViewHeader.swift; sourceTree = "<group>"; };
		D593C41B2A35B30F00782F9E /* LoginViewController.swift */ = {isa = PBXFileReference; lastKnownFileType = sourcecode.swift; path = LoginViewController.swift; sourceTree = "<group>"; };
		D5A38B3C2A2F46B700592A76 /* GoogleService-Info.plist */ = {isa = PBXFileReference; fileEncoding = 4; lastKnownFileType = text.plist.xml; path = "GoogleService-Info.plist"; sourceTree = "<group>"; };
		D5A38B522A2F4CB200592A76 /* OnboardingViewController.swift */ = {isa = PBXFileReference; lastKnownFileType = sourcecode.swift; path = OnboardingViewController.swift; sourceTree = "<group>"; };
		D5A38B542A2F75D800592A76 /* RegisterViewController.swift */ = {isa = PBXFileReference; lastKnownFileType = sourcecode.swift; path = RegisterViewController.swift; sourceTree = "<group>"; };
		D5C34E1D2A27B64C0066B884 /* ProfileViewController.swift */ = {isa = PBXFileReference; lastKnownFileType = sourcecode.swift; path = ProfileViewController.swift; sourceTree = "<group>"; };
		D5E1B00C2A3226AA00FF6A19 /* AuthentificationViewViewModel.swift */ = {isa = PBXFileReference; lastKnownFileType = sourcecode.swift; path = AuthentificationViewViewModel.swift; sourceTree = "<group>"; };
		D5E1B00F2A32350300FF6A19 /* AuthManager.swift */ = {isa = PBXFileReference; lastKnownFileType = sourcecode.swift; path = AuthManager.swift; sourceTree = "<group>"; };
/* End PBXFileReference section */

/* Begin PBXFrameworksBuildPhase section */
		D555BAF02A1E50A600954239 /* Frameworks */ = {
			isa = PBXFrameworksBuildPhase;
			buildActionMask = 2147483647;
			files = (
				D5A38B462A2F492800592A76 /* FirebaseDatabaseSwift in Frameworks */,
				D5A38B442A2F492800592A76 /* FirebaseDatabase in Frameworks */,
				D5A38B402A2F492800592A76 /* FirebaseAuth in Frameworks */,
				D5A38B4C2A2F492800592A76 /* FirebaseFirestoreSwift in Frameworks */,
				D5A38B4A2A2F492800592A76 /* FirebaseFirestoreCombine-Community in Frameworks */,
				D5A38B4E2A2F492800592A76 /* FirebaseStorage in Frameworks */,
				D5A38B482A2F492800592A76 /* FirebaseFirestore in Frameworks */,
				D5A38B502A2F492800592A76 /* FirebaseStorageCombine-Community in Frameworks */,
				D5A38B422A2F492800592A76 /* FirebaseAuthCombine-Community in Frameworks */,
			);
			runOnlyForDeploymentPostprocessing = 0;
		};
/* End PBXFrameworksBuildPhase section */

/* Begin PBXGroup section */
		D52421B52A22665C00C30404 /* Views */ = {
			isa = PBXGroup;
			children = (
				D52421B62A22669000C30404 /* TweetTableViewCell.swift */,
				D57A9C0F2A2B9679000C41EF /* ProfileTableViewHeader.swift */,
			);
			path = Views;
			sourceTree = "<group>";
		};
		D555BAEA2A1E50A600954239 = {
			isa = PBXGroup;
			children = (
				D555BAF52A1E50A600954239 /* TwitterClone */,
				D555BAF42A1E50A600954239 /* Products */,
			);
			sourceTree = "<group>";
		};
		D555BAF42A1E50A600954239 /* Products */ = {
			isa = PBXGroup;
			children = (
				D555BAF32A1E50A600954239 /* TwitterClone.app */,
			);
			name = Products;
			sourceTree = "<group>";
		};
		D555BAF52A1E50A600954239 /* TwitterClone */ = {
			isa = PBXGroup;
			children = (
				D5E1B00E2A3234C200FF6A19 /* Networking */,
				D5E1B00B2A32265900FF6A19 /* ViewModels */,
				D52421B52A22665C00C30404 /* Views */,
				D555BB0A2A1E570D00954239 /* Controllers */,
				D555BAF62A1E50A600954239 /* AppDelegate.swift */,
				D555BAF82A1E50A600954239 /* SceneDelegate.swift */,
				D555BAFF2A1E50A900954239 /* Assets.xcassets */,
				D555BB012A1E50A900954239 /* LaunchScreen.storyboard */,
				D555BB042A1E50A900954239 /* Info.plist */,
				D5A38B3C2A2F46B700592A76 /* GoogleService-Info.plist */,
			);
			path = TwitterClone;
			sourceTree = "<group>";
		};
		D555BB0A2A1E570D00954239 /* Controllers */ = {
			isa = PBXGroup;
			children = (
				D5A38B512A2F4C7D00592A76 /* Onboarding */,
				D5C34E1C2A27B6190066B884 /* General */,
				D555BB0B2A1E572800954239 /* Core */,
			);
			path = Controllers;
			sourceTree = "<group>";
		};
		D555BB0B2A1E572800954239 /* Core */ = {
			isa = PBXGroup;
			children = (
				D555BAFA2A1E50A600954239 /* MainTabbarViewController.swift */,
				D555BB0C2A1E57FB00954239 /* HomeViewController.swift */,
				D555BB0E2A1E585A00954239 /* SearchViewController.swift */,
				D555BB102A1E589300954239 /* NotificationsViewController.swift */,
				D555BB122A1E58D500954239 /* DirectMessagesViewController.swift */,
			);
			path = Core;
			sourceTree = "<group>";
		};
		D5A38B512A2F4C7D00592A76 /* Onboarding */ = {
			isa = PBXGroup;
			children = (
				D5A38B522A2F4CB200592A76 /* OnboardingViewController.swift */,
				D5A38B542A2F75D800592A76 /* RegisterViewController.swift */,
				D593C41B2A35B30F00782F9E /* LoginViewController.swift */,
			);
			path = Onboarding;
			sourceTree = "<group>";
		};
		D5C34E1C2A27B6190066B884 /* General */ = {
			isa = PBXGroup;
			children = (
				D5C34E1D2A27B64C0066B884 /* ProfileViewController.swift */,
			);
			path = General;
			sourceTree = "<group>";
		};
		D5E1B00B2A32265900FF6A19 /* ViewModels */ = {
			isa = PBXGroup;
			children = (
				D5E1B00C2A3226AA00FF6A19 /* AuthentificationViewViewModel.swift */,
			);
			path = ViewModels;
			sourceTree = "<group>";
		};
		D5E1B00E2A3234C200FF6A19 /* Networking */ = {
			isa = PBXGroup;
			children = (
				D5E1B00F2A32350300FF6A19 /* AuthManager.swift */,
			);
			path = Networking;
			sourceTree = "<group>";
		};
/* End PBXGroup section */

/* Begin PBXNativeTarget section */
		D555BAF22A1E50A600954239 /* TwitterClone */ = {
			isa = PBXNativeTarget;
			buildConfigurationList = D555BB072A1E50A900954239 /* Build configuration list for PBXNativeTarget "TwitterClone" */;
			buildPhases = (
				D555BAEF2A1E50A600954239 /* Sources */,
				D555BAF02A1E50A600954239 /* Frameworks */,
				D555BAF12A1E50A600954239 /* Resources */,
			);
			buildRules = (
			);
			dependencies = (
			);
			name = TwitterClone;
			packageProductDependencies = (
				D5A38B3F2A2F492800592A76 /* FirebaseAuth */,
				D5A38B412A2F492800592A76 /* FirebaseAuthCombine-Community */,
				D5A38B432A2F492800592A76 /* FirebaseDatabase */,
				D5A38B452A2F492800592A76 /* FirebaseDatabaseSwift */,
				D5A38B472A2F492800592A76 /* FirebaseFirestore */,
				D5A38B492A2F492800592A76 /* FirebaseFirestoreCombine-Community */,
				D5A38B4B2A2F492800592A76 /* FirebaseFirestoreSwift */,
				D5A38B4D2A2F492800592A76 /* FirebaseStorage */,
				D5A38B4F2A2F492800592A76 /* FirebaseStorageCombine-Community */,
			);
			productName = TwitterClone;
			productReference = D555BAF32A1E50A600954239 /* TwitterClone.app */;
			productType = "com.apple.product-type.application";
		};
/* End PBXNativeTarget section */

/* Begin PBXProject section */
		D555BAEB2A1E50A600954239 /* Project object */ = {
			isa = PBXProject;
			attributes = {
				BuildIndependentTargetsInParallel = 1;
				LastSwiftUpdateCheck = 1430;
				LastUpgradeCheck = 1430;
				TargetAttributes = {
					D555BAF22A1E50A600954239 = {
						CreatedOnToolsVersion = 14.3;
					};
				};
			};
			buildConfigurationList = D555BAEE2A1E50A600954239 /* Build configuration list for PBXProject "TwitterClone" */;
			compatibilityVersion = "Xcode 14.0";
			developmentRegion = en;
			hasScannedForEncodings = 0;
			knownRegions = (
				en,
				Base,
			);
			mainGroup = D555BAEA2A1E50A600954239;
			packageReferences = (
				D5A38B3E2A2F492800592A76 /* XCRemoteSwiftPackageReference "firebase-ios-sdk" */,
			);
			productRefGroup = D555BAF42A1E50A600954239 /* Products */;
			projectDirPath = "";
			projectRoot = "";
			targets = (
				D555BAF22A1E50A600954239 /* TwitterClone */,
			);
		};
/* End PBXProject section */

/* Begin PBXResourcesBuildPhase section */
		D555BAF12A1E50A600954239 /* Resources */ = {
			isa = PBXResourcesBuildPhase;
			buildActionMask = 2147483647;
			files = (
				D555BB032A1E50A900954239 /* LaunchScreen.storyboard in Resources */,
				D555BB002A1E50A900954239 /* Assets.xcassets in Resources */,
				D5A38B3D2A2F46B700592A76 /* GoogleService-Info.plist in Resources */,
			);
			runOnlyForDeploymentPostprocessing = 0;
		};
/* End PBXResourcesBuildPhase section */

/* Begin PBXSourcesBuildPhase section */
		D555BAEF2A1E50A600954239 /* Sources */ = {
			isa = PBXSourcesBuildPhase;
			buildActionMask = 2147483647;
			files = (
				D555BB0F2A1E585A00954239 /* SearchViewController.swift in Sources */,
				D5E1B0102A32350300FF6A19 /* AuthManager.swift in Sources */,
				D555BAFB2A1E50A600954239 /* MainTabbarViewController.swift in Sources */,
				D593C41C2A35B30F00782F9E /* LoginViewController.swift in Sources */,
				D555BAF72A1E50A600954239 /* AppDelegate.swift in Sources */,
				D5A38B552A2F75D800592A76 /* RegisterViewController.swift in Sources */,
				D555BB112A1E589300954239 /* NotificationsViewController.swift in Sources */,
				D555BAF92A1E50A600954239 /* SceneDelegate.swift in Sources */,
				D555BB0D2A1E57FB00954239 /* HomeViewController.swift in Sources */,
				D5E1B00D2A3226AA00FF6A19 /* AuthentificationViewViewModel.swift in Sources */,
				D5C34E1E2A27B64C0066B884 /* ProfileViewController.swift in Sources */,
				D555BB132A1E58D500954239 /* DirectMessagesViewController.swift in Sources */,
				D57A9C102A2B9679000C41EF /* ProfileTableViewHeader.swift in Sources */,
				D5A38B532A2F4CB200592A76 /* OnboardingViewController.swift in Sources */,
				D52421B72A22669000C30404 /* TweetTableViewCell.swift in Sources */,
			);
			runOnlyForDeploymentPostprocessing = 0;
		};
/* End PBXSourcesBuildPhase section */

/* Begin PBXVariantGroup section */
		D555BB012A1E50A900954239 /* LaunchScreen.storyboard */ = {
			isa = PBXVariantGroup;
			children = (
				D555BB022A1E50A900954239 /* Base */,
			);
			name = LaunchScreen.storyboard;
			sourceTree = "<group>";
		};
/* End PBXVariantGroup section */

/* Begin XCBuildConfiguration section */
		D555BB052A1E50A900954239 /* Debug */ = {
			isa = XCBuildConfiguration;
			buildSettings = {
				ALWAYS_SEARCH_USER_PATHS = NO;
				CLANG_ANALYZER_NONNULL = YES;
				CLANG_ANALYZER_NUMBER_OBJECT_CONVERSION = YES_AGGRESSIVE;
				CLANG_CXX_LANGUAGE_STANDARD = "gnu++20";
				CLANG_ENABLE_MODULES = YES;
				CLANG_ENABLE_OBJC_ARC = YES;
				CLANG_ENABLE_OBJC_WEAK = YES;
				CLANG_WARN_BLOCK_CAPTURE_AUTORELEASING = YES;
				CLANG_WARN_BOOL_CONVERSION = YES;
				CLANG_WARN_COMMA = YES;
				CLANG_WARN_CONSTANT_CONVERSION = YES;
				CLANG_WARN_DEPRECATED_OBJC_IMPLEMENTATIONS = YES;
				CLANG_WARN_DIRECT_OBJC_ISA_USAGE = YES_ERROR;
				CLANG_WARN_DOCUMENTATION_COMMENTS = YES;
				CLANG_WARN_EMPTY_BODY = YES;
				CLANG_WARN_ENUM_CONVERSION = YES;
				CLANG_WARN_INFINITE_RECURSION = YES;
				CLANG_WARN_INT_CONVERSION = YES;
				CLANG_WARN_NON_LITERAL_NULL_CONVERSION = YES;
				CLANG_WARN_OBJC_IMPLICIT_RETAIN_SELF = YES;
				CLANG_WARN_OBJC_LITERAL_CONVERSION = YES;
				CLANG_WARN_OBJC_ROOT_CLASS = YES_ERROR;
				CLANG_WARN_QUOTED_INCLUDE_IN_FRAMEWORK_HEADER = YES;
				CLANG_WARN_RANGE_LOOP_ANALYSIS = YES;
				CLANG_WARN_STRICT_PROTOTYPES = YES;
				CLANG_WARN_SUSPICIOUS_MOVE = YES;
				CLANG_WARN_UNGUARDED_AVAILABILITY = YES_AGGRESSIVE;
				CLANG_WARN_UNREACHABLE_CODE = YES;
				CLANG_WARN__DUPLICATE_METHOD_MATCH = YES;
				COPY_PHASE_STRIP = NO;
				DEBUG_INFORMATION_FORMAT = dwarf;
				ENABLE_STRICT_OBJC_MSGSEND = YES;
				ENABLE_TESTABILITY = YES;
				GCC_C_LANGUAGE_STANDARD = gnu11;
				GCC_DYNAMIC_NO_PIC = NO;
				GCC_NO_COMMON_BLOCKS = YES;
				GCC_OPTIMIZATION_LEVEL = 0;
				GCC_PREPROCESSOR_DEFINITIONS = (
					"DEBUG=1",
					"$(inherited)",
				);
				GCC_WARN_64_TO_32_BIT_CONVERSION = YES;
				GCC_WARN_ABOUT_RETURN_TYPE = YES_ERROR;
				GCC_WARN_UNDECLARED_SELECTOR = YES;
				GCC_WARN_UNINITIALIZED_AUTOS = YES_AGGRESSIVE;
				GCC_WARN_UNUSED_FUNCTION = YES;
				GCC_WARN_UNUSED_VARIABLE = YES;
				IPHONEOS_DEPLOYMENT_TARGET = 16.4;
				MTL_ENABLE_DEBUG_INFO = INCLUDE_SOURCE;
				MTL_FAST_MATH = YES;
				ONLY_ACTIVE_ARCH = YES;
				SDKROOT = iphoneos;
				SWIFT_ACTIVE_COMPILATION_CONDITIONS = DEBUG;
				SWIFT_OPTIMIZATION_LEVEL = "-Onone";
			};
			name = Debug;
		};
		D555BB062A1E50A900954239 /* Release */ = {
			isa = XCBuildConfiguration;
			buildSettings = {
				ALWAYS_SEARCH_USER_PATHS = NO;
				CLANG_ANALYZER_NONNULL = YES;
				CLANG_ANALYZER_NUMBER_OBJECT_CONVERSION = YES_AGGRESSIVE;
				CLANG_CXX_LANGUAGE_STANDARD = "gnu++20";
				CLANG_ENABLE_MODULES = YES;
				CLANG_ENABLE_OBJC_ARC = YES;
				CLANG_ENABLE_OBJC_WEAK = YES;
				CLANG_WARN_BLOCK_CAPTURE_AUTORELEASING = YES;
				CLANG_WARN_BOOL_CONVERSION = YES;
				CLANG_WARN_COMMA = YES;
				CLANG_WARN_CONSTANT_CONVERSION = YES;
				CLANG_WARN_DEPRECATED_OBJC_IMPLEMENTATIONS = YES;
				CLANG_WARN_DIRECT_OBJC_ISA_USAGE = YES_ERROR;
				CLANG_WARN_DOCUMENTATION_COMMENTS = YES;
				CLANG_WARN_EMPTY_BODY = YES;
				CLANG_WARN_ENUM_CONVERSION = YES;
				CLANG_WARN_INFINITE_RECURSION = YES;
				CLANG_WARN_INT_CONVERSION = YES;
				CLANG_WARN_NON_LITERAL_NULL_CONVERSION = YES;
				CLANG_WARN_OBJC_IMPLICIT_RETAIN_SELF = YES;
				CLANG_WARN_OBJC_LITERAL_CONVERSION = YES;
				CLANG_WARN_OBJC_ROOT_CLASS = YES_ERROR;
				CLANG_WARN_QUOTED_INCLUDE_IN_FRAMEWORK_HEADER = YES;
				CLANG_WARN_RANGE_LOOP_ANALYSIS = YES;
				CLANG_WARN_STRICT_PROTOTYPES = YES;
				CLANG_WARN_SUSPICIOUS_MOVE = YES;
				CLANG_WARN_UNGUARDED_AVAILABILITY = YES_AGGRESSIVE;
				CLANG_WARN_UNREACHABLE_CODE = YES;
				CLANG_WARN__DUPLICATE_METHOD_MATCH = YES;
				COPY_PHASE_STRIP = NO;
				DEBUG_INFORMATION_FORMAT = "dwarf-with-dsym";
				ENABLE_NS_ASSERTIONS = NO;
				ENABLE_STRICT_OBJC_MSGSEND = YES;
				GCC_C_LANGUAGE_STANDARD = gnu11;
				GCC_NO_COMMON_BLOCKS = YES;
				GCC_WARN_64_TO_32_BIT_CONVERSION = YES;
				GCC_WARN_ABOUT_RETURN_TYPE = YES_ERROR;
				GCC_WARN_UNDECLARED_SELECTOR = YES;
				GCC_WARN_UNINITIALIZED_AUTOS = YES_AGGRESSIVE;
				GCC_WARN_UNUSED_FUNCTION = YES;
				GCC_WARN_UNUSED_VARIABLE = YES;
				IPHONEOS_DEPLOYMENT_TARGET = 16.4;
				MTL_ENABLE_DEBUG_INFO = NO;
				MTL_FAST_MATH = YES;
				SDKROOT = iphoneos;
				SWIFT_COMPILATION_MODE = wholemodule;
				SWIFT_OPTIMIZATION_LEVEL = "-O";
				VALIDATE_PRODUCT = YES;
			};
			name = Release;
		};
		D555BB082A1E50A900954239 /* Debug */ = {
			isa = XCBuildConfiguration;
			buildSettings = {
				ASSETCATALOG_COMPILER_APPICON_NAME = AppIcon;
				ASSETCATALOG_COMPILER_GLOBAL_ACCENT_COLOR_NAME = AccentColor;
				CODE_SIGN_STYLE = Automatic;
				CURRENT_PROJECT_VERSION = 1;
				DEVELOPMENT_TEAM = SZX373NG34;
				GENERATE_INFOPLIST_FILE = YES;
				INFOPLIST_FILE = TwitterClone/Info.plist;
				INFOPLIST_KEY_UIApplicationSupportsIndirectInputEvents = YES;
				INFOPLIST_KEY_UILaunchStoryboardName = LaunchScreen;
				INFOPLIST_KEY_UISupportedInterfaceOrientations_iPad = "UIInterfaceOrientationPortrait UIInterfaceOrientationPortraitUpsideDown UIInterfaceOrientationLandscapeLeft UIInterfaceOrientationLandscapeRight";
				INFOPLIST_KEY_UISupportedInterfaceOrientations_iPhone = "UIInterfaceOrientationPortrait UIInterfaceOrientationLandscapeLeft UIInterfaceOrientationLandscapeRight";
				IPHONEOS_DEPLOYMENT_TARGET = 15.0;
				LD_RUNPATH_SEARCH_PATHS = (
					"$(inherited)",
					"@executable_path/Frameworks",
				);
				MARKETING_VERSION = 1.0;
				PRODUCT_BUNDLE_IDENTIFIER = "com.40per-sCompany.TwitterClone";
				PRODUCT_NAME = "$(TARGET_NAME)";
				SWIFT_EMIT_LOC_STRINGS = YES;
				SWIFT_VERSION = 5.0;
				TARGETED_DEVICE_FAMILY = "1,2";
			};
			name = Debug;
		};
		D555BB092A1E50A900954239 /* Release */ = {
			isa = XCBuildConfiguration;
			buildSettings = {
				ASSETCATALOG_COMPILER_APPICON_NAME = AppIcon;
				ASSETCATALOG_COMPILER_GLOBAL_ACCENT_COLOR_NAME = AccentColor;
				CODE_SIGN_STYLE = Automatic;
				CURRENT_PROJECT_VERSION = 1;
				DEVELOPMENT_TEAM = SZX373NG34;
				GENERATE_INFOPLIST_FILE = YES;
				INFOPLIST_FILE = TwitterClone/Info.plist;
				INFOPLIST_KEY_UIApplicationSupportsIndirectInputEvents = YES;
				INFOPLIST_KEY_UILaunchStoryboardName = LaunchScreen;
				INFOPLIST_KEY_UISupportedInterfaceOrientations_iPad = "UIInterfaceOrientationPortrait UIInterfaceOrientationPortraitUpsideDown UIInterfaceOrientationLandscapeLeft UIInterfaceOrientationLandscapeRight";
				INFOPLIST_KEY_UISupportedInterfaceOrientations_iPhone = "UIInterfaceOrientationPortrait UIInterfaceOrientationLandscapeLeft UIInterfaceOrientationLandscapeRight";
				IPHONEOS_DEPLOYMENT_TARGET = 15.0;
				LD_RUNPATH_SEARCH_PATHS = (
					"$(inherited)",
					"@executable_path/Frameworks",
				);
				MARKETING_VERSION = 1.0;
				PRODUCT_BUNDLE_IDENTIFIER = "com.40per-sCompany.TwitterClone";
				PRODUCT_NAME = "$(TARGET_NAME)";
				SWIFT_EMIT_LOC_STRINGS = YES;
				SWIFT_VERSION = 5.0;
				TARGETED_DEVICE_FAMILY = "1,2";
			};
			name = Release;
		};
/* End XCBuildConfiguration section */

/* Begin XCConfigurationList section */
		D555BAEE2A1E50A600954239 /* Build configuration list for PBXProject "TwitterClone" */ = {
			isa = XCConfigurationList;
			buildConfigurations = (
				D555BB052A1E50A900954239 /* Debug */,
				D555BB062A1E50A900954239 /* Release */,
			);
			defaultConfigurationIsVisible = 0;
			defaultConfigurationName = Release;
		};
		D555BB072A1E50A900954239 /* Build configuration list for PBXNativeTarget "TwitterClone" */ = {
			isa = XCConfigurationList;
			buildConfigurations = (
				D555BB082A1E50A900954239 /* Debug */,
				D555BB092A1E50A900954239 /* Release */,
			);
			defaultConfigurationIsVisible = 0;
			defaultConfigurationName = Release;
		};
/* End XCConfigurationList section */

/* Begin XCRemoteSwiftPackageReference section */
		D5A38B3E2A2F492800592A76 /* XCRemoteSwiftPackageReference "firebase-ios-sdk" */ = {
			isa = XCRemoteSwiftPackageReference;
			repositoryURL = "https://github.com/firebase/firebase-ios-sdk";
			requirement = {
				kind = upToNextMinorVersion;
				minimumVersion = 10.10.0;
			};
		};
/* End XCRemoteSwiftPackageReference section */

/* Begin XCSwiftPackageProductDependency section */
		D5A38B3F2A2F492800592A76 /* FirebaseAuth */ = {
			isa = XCSwiftPackageProductDependency;
			package = D5A38B3E2A2F492800592A76 /* XCRemoteSwiftPackageReference "firebase-ios-sdk" */;
			productName = FirebaseAuth;
		};
		D5A38B412A2F492800592A76 /* FirebaseAuthCombine-Community */ = {
			isa = XCSwiftPackageProductDependency;
			package = D5A38B3E2A2F492800592A76 /* XCRemoteSwiftPackageReference "firebase-ios-sdk" */;
			productName = "FirebaseAuthCombine-Community";
		};
		D5A38B432A2F492800592A76 /* FirebaseDatabase */ = {
			isa = XCSwiftPackageProductDependency;
			package = D5A38B3E2A2F492800592A76 /* XCRemoteSwiftPackageReference "firebase-ios-sdk" */;
			productName = FirebaseDatabase;
		};
		D5A38B452A2F492800592A76 /* FirebaseDatabaseSwift */ = {
			isa = XCSwiftPackageProductDependency;
			package = D5A38B3E2A2F492800592A76 /* XCRemoteSwiftPackageReference "firebase-ios-sdk" */;
			productName = FirebaseDatabaseSwift;
		};
		D5A38B472A2F492800592A76 /* FirebaseFirestore */ = {
			isa = XCSwiftPackageProductDependency;
			package = D5A38B3E2A2F492800592A76 /* XCRemoteSwiftPackageReference "firebase-ios-sdk" */;
			productName = FirebaseFirestore;
		};
		D5A38B492A2F492800592A76 /* FirebaseFirestoreCombine-Community */ = {
			isa = XCSwiftPackageProductDependency;
			package = D5A38B3E2A2F492800592A76 /* XCRemoteSwiftPackageReference "firebase-ios-sdk" */;
			productName = "FirebaseFirestoreCombine-Community";
		};
		D5A38B4B2A2F492800592A76 /* FirebaseFirestoreSwift */ = {
			isa = XCSwiftPackageProductDependency;
			package = D5A38B3E2A2F492800592A76 /* XCRemoteSwiftPackageReference "firebase-ios-sdk" */;
			productName = FirebaseFirestoreSwift;
		};
		D5A38B4D2A2F492800592A76 /* FirebaseStorage */ = {
			isa = XCSwiftPackageProductDependency;
			package = D5A38B3E2A2F492800592A76 /* XCRemoteSwiftPackageReference "firebase-ios-sdk" */;
			productName = FirebaseStorage;
		};
		D5A38B4F2A2F492800592A76 /* FirebaseStorageCombine-Community */ = {
			isa = XCSwiftPackageProductDependency;
			package = D5A38B3E2A2F492800592A76 /* XCRemoteSwiftPackageReference "firebase-ios-sdk" */;
			productName = "FirebaseStorageCombine-Community";
		};
/* End XCSwiftPackageProductDependency section */
	};
	rootObject = D555BAEB2A1E50A600954239 /* Project object */;
}
